
Microsoft Visual Studio Solution File, Format Version 12.00
# Visual Studio Version 16
VisualStudioVersion = 16.0.34114.132
MinimumVisualStudioVersion = 10.0.40219.1
Project("{FAE04EC0-301F-11D3-BF4B-00C04F79EFBC}") = "Ej1_queues_banco", "Ej1_queues_banco\Ej1_queues_banco.csproj", "{D16DA1F4-49BD-40BF-92C5-9DF9330FEEE8}"
EndProject
Project("{FAE04EC0-301F-11D3-BF4B-00C04F79EFBC}") = "Ej2_queues_farmacia", "Ej2_queues_farmacia\Ej2_queues_farmacia.csproj", "{437C8643-B12A-4FB9-A052-8727EF72B823}"
EndProject
Project("{FAE04EC0-301F-11D3-BF4B-00C04F79EFBC}") = "Ej4_stack_puerto", "Ej4_stack_puerto\Ej4_stack_puerto.csproj", "{C6702F24-3C6B-4E1D-9D93-C58F88A38DDB}"
EndProject
Global
	GlobalSection(SolutionConfigurationPlatforms) = preSolution
		Debug|Any CPU = Debug|Any CPU
		Release|Any CPU = Release|Any CPU
	EndGlobalSection
	GlobalSection(ProjectConfigurationPlatforms) = postSolution
		{D16DA1F4-49BD-40BF-92C5-9DF9330FEEE8}.Debug|Any CPU.ActiveCfg = Debug|Any CPU
		{D16DA1F4-49BD-40BF-92C5-9DF9330FEEE8}.Debug|Any CPU.Build.0 = Debug|Any CPU
		{D16DA1F4-49BD-40BF-92C5-9DF9330FEEE8}.Release|Any CPU.ActiveCfg = Release|Any CPU
		{D16DA1F4-49BD-40BF-92C5-9DF9330FEEE8}.Release|Any CPU.Build.0 = Release|Any CPU
		{437C8643-B12A-4FB9-A052-8727EF72B823}.Debug|Any CPU.ActiveCfg = Debug|Any CPU
		{437C8643-B12A-4FB9-A052-8727EF72B823}.Debug|Any CPU.Build.0 = Debug|Any CPU
		{437C8643-B12A-4FB9-A052-8727EF72B823}.Release|Any CPU.ActiveCfg = Release|Any CPU
		{437C8643-B12A-4FB9-A052-8727EF72B823}.Release|Any CPU.Build.0 = Release|Any CPU
		{C6702F24-3C6B-4E1D-9D93-C58F88A38DDB}.Debug|Any CPU.ActiveCfg = Debug|Any CPU
		{C6702F24-3C6B-4E1D-9D93-C58F88A38DDB}.Debug|Any CPU.Build.0 = Debug|Any CPU
		{C6702F24-3C6B-4E1D-9D93-C58F88A38DDB}.Release|Any CPU.ActiveCfg = Release|Any CPU
		{C6702F24-3C6B-4E1D-9D93-C58F88A38DDB}.Release|Any CPU.Build.0 = Release|Any CPU
	EndGlobalSection
	GlobalSection(SolutionProperties) = preSolution
		HideSolutionNode = FALSE
	EndGlobalSection
	GlobalSection(ExtensibilityGlobals) = postSolution
		SolutionGuid = {11264B70-A20B-4ECB-BA9A-5B1C7C3548C7}
	EndGlobalSection
EndGlobal
